
Microsoft Visual Studio Solution File, Format Version 12.00
# Visual Studio Version 16
VisualStudioVersion = 16.0.30717.126
MinimumVisualStudioVersion = 10.0.40219.1
Project("{9A19103F-16F7-4668-BE54-9A1E7A4F7556}") = "Serilog.RequestResponse.Extensions", "Serilog.RequestResponseExtension\Serilog.RequestResponse.Extensions.csproj", "{85D94B57-ED89-4E1B-BF46-447CF217F7B3}"
EndProject
Project("{FAE04EC0-301F-11D3-BF4B-00C04F79EFBC}") = "Api", "Api\Api.csproj", "{26B7BC2B-45DE-4B34-9FD5-816729F6C31C}"
EndProject
Global
	GlobalSection(SolutionConfigurationPlatforms) = preSolution
		Debug|Any CPU = Debug|Any CPU
		Release|Any CPU = Release|Any CPU
	EndGlobalSection
	GlobalSection(ProjectConfigurationPlatforms) = postSolution
		{85D94B57-ED89-4E1B-BF46-447CF217F7B3}.Debug|Any CPU.ActiveCfg = Debug|Any CPU
		{85D94B57-ED89-4E1B-BF46-447CF217F7B3}.Debug|Any CPU.Build.0 = Debug|Any CPU
		{85D94B57-ED89-4E1B-BF46-447CF217F7B3}.Release|Any CPU.ActiveCfg = Release|Any CPU
		{85D94B57-ED89-4E1B-BF46-447CF217F7B3}.Release|Any CPU.Build.0 = Release|Any CPU
		{26B7BC2B-45DE-4B34-9FD5-816729F6C31C}.Debug|Any CPU.ActiveCfg = Debug|Any CPU
		{26B7BC2B-45DE-4B34-9FD5-816729F6C31C}.Debug|Any CPU.Build.0 = Debug|Any CPU
		{26B7BC2B-45DE-4B34-9FD5-816729F6C31C}.Release|Any CPU.ActiveCfg = Release|Any CPU
		{26B7BC2B-45DE-4B34-9FD5-816729F6C31C}.Release|Any CPU.Build.0 = Release|Any CPU
	EndGlobalSection
	GlobalSection(SolutionProperties) = preSolution
		HideSolutionNode = FALSE
	EndGlobalSection
	GlobalSection(ExtensibilityGlobals) = postSolution
		SolutionGuid = {E958205E-481D-4A88-B7E0-DF8A96B5BEB7}
	EndGlobalSection
EndGlobal
